
Microsoft Visual Studio Solution File, Format Version 12.00
# Visual Studio Version 17
VisualStudioVersion = 17.8.34525.116
MinimumVisualStudioVersion = 10.0.40219.1
Project("{FAE04EC0-301F-11D3-BF4B-00C04F79EFBC}") = "RabbitMQService", "RabbitMQService\RabbitMQService.csproj", "{47EEE34E-7C24-4EB1-9421-BB76BF1534CE}"
EndProject
Project("{FAE04EC0-301F-11D3-BF4B-00C04F79EFBC}") = "DemoMessaging", "DemoMessaging\DemoMessaging.csproj", "{06A6D050-107F-41E7-B3B1-D473D21B81E4}"
EndProject
Global
	GlobalSection(SolutionConfigurationPlatforms) = preSolution
		Debug|Any CPU = Debug|Any CPU
		Release|Any CPU = Release|Any CPU
	EndGlobalSection
	GlobalSection(ProjectConfigurationPlatforms) = postSolution
		{47EEE34E-7C24-4EB1-9421-BB76BF1534CE}.Debug|Any CPU.ActiveCfg = Debug|Any CPU
		{47EEE34E-7C24-4EB1-9421-BB76BF1534CE}.Debug|Any CPU.Build.0 = Debug|Any CPU
		{47EEE34E-7C24-4EB1-9421-BB76BF1534CE}.Release|Any CPU.ActiveCfg = Release|Any CPU
		{47EEE34E-7C24-4EB1-9421-BB76BF1534CE}.Release|Any CPU.Build.0 = Release|Any CPU
		{06A6D050-107F-41E7-B3B1-D473D21B81E4}.Debug|Any CPU.ActiveCfg = Debug|Any CPU
		{06A6D050-107F-41E7-B3B1-D473D21B81E4}.Debug|Any CPU.Build.0 = Debug|Any CPU
		{06A6D050-107F-41E7-B3B1-D473D21B81E4}.Release|Any CPU.ActiveCfg = Release|Any CPU
		{06A6D050-107F-41E7-B3B1-D473D21B81E4}.Release|Any CPU.Build.0 = Release|Any CPU
	EndGlobalSection
	GlobalSection(SolutionProperties) = preSolution
		HideSolutionNode = FALSE
	EndGlobalSection
	GlobalSection(ExtensibilityGlobals) = postSolution
		SolutionGuid = {24566768-14F1-4FC4-A2F2-7A10F26FB977}
	EndGlobalSection
EndGlobal
